[[package]]
name = "addict"
version = "2.3.0"
description = "Addict is a dictionary whose items can be set using both attribute and item syntax."
category = "main"
optional = false
python-versions = "*"

[[package]]
name = "et-xmlfile"
version = "1.0.1"
description = "An implementation of lxml.xmlfile for the standard library"
category = "main"
optional = false
python-versions = "*"

[[package]]
name = "jdcal"
version = "1.4.1"
description = "Julian dates from proleptic Gregorian and Julian calendars."
category = "main"
optional = false
python-versions = "*"

[[package]]
name = "openpyxl"
version = "3.0.5"
description = "A Python library to read/write Excel 2010 xlsx/xlsm files"
category = "main"
optional = false
python-versions = ">=3.6,"

[package.dependencies]
et-xmlfile = "*"
jdcal = "*"

[metadata]
lock-version = "1.1"
python-versions = "^3.8"
content-hash = "d75eed49ab0ddaf4e417feb5f2d7feeeeaef0a79f4d67d0aabbad0905c468d44"

[metadata.files]
addict = [
    {file = "addict-2.3.0-py3-none-any.whl", hash = "sha256:69904f5650015d93043522b27316649b6dc877ab1eabb9ea9eb7b11386882edc"},
    {file = "addict-2.3.0.tar.gz", hash = "sha256:e8085624d18a9eecd7ec8a427f378f1e5036dfafba34c33fa29f0be8cd3a80b2"},
]
et-xmlfile = [
    {file = "et_xmlfile-1.0.1.tar.gz", hash = "sha256:614d9722d572f6246302c4491846d2c393c199cfa4edc9af593437691683335b"},
]
jdcal = [
    {file = "jdcal-1.4.1-py2.py3-none-any.whl", hash = "sha256:1abf1305fce18b4e8aa248cf8fe0c56ce2032392bc64bbd61b5dff2a19ec8bba"},
    {file = "jdcal-1.4.1.tar.gz", hash = "sha256:472872e096eb8df219c23f2689fc336668bdb43d194094b5cc1707e1640acfc8"},
]
openpyxl = [
    {file = "openpyxl-3.0.5-py2.py3-none-any.whl", hash = "sha256:f7d666b569f729257082cf7ddc56262431878f602dcc2bc3980775c59439cdab"},
    {file = "openpyxl-3.0.5.tar.gz", hash = "sha256:18e11f9a650128a12580a58e3daba14e00a11d9e907c554a17ea016bf1a2c71b"},
]
